
Microsoft Visual Studio Solution File, Format Version 12.00
# Visual Studio Express 2012 for Windows Desktop
Project("{8BC9CEB8-8B4A-11D0-8D11-00A0C91BC942}") = "Oven", "Oven\Oven.vcxproj", "{6A4B55AC-3547-4A19-AC19-4C04DAEE10ED}"
EndProject
Global
	GlobalSection(SolutionConfigurationPlatforms) = preSolution
		Debug|Win32 = Debug|Win32
		Release|Win32 = Release|Win32
	EndGlobalSection
	GlobalSection(ProjectConfigurationPlatforms) = postSolution
		{6A4B55AC-3547-4A19-AC19-4C04DAEE10ED}.Debug|Win32.ActiveCfg = Debug|Win32
		{6A4B55AC-3547-4A19-AC19-4C04DAEE10ED}.Debug|Win32.Build.0 = Debug|Win32
		{6A4B55AC-3547-4A19-AC19-4C04DAEE10ED}.Release|Win32.ActiveCfg = Release|Win32
		{6A4B55AC-3547-4A19-AC19-4C04DAEE10ED}.Release|Win32.Build.0 = Release|Win32
	EndGlobalSection
	GlobalSection(SolutionProperties) = preSolution
		HideSolutionNode = FALSE
	EndGlobalSection
EndGlobal
