
Microsoft Visual Studio Solution File, Format Version 12.00
# Visual Studio Version 16
VisualStudioVersion = 16.0.30804.86
MinimumVisualStudioVersion = 10.0.40219.1
Project("{9A19103F-16F7-4668-BE54-9A1E7A4F7556}") = "Implementations", "dataStructures\Implementations\Implementations.csproj", "{78E12728-7310-4302-A28D-2477B7348E29}"
EndProject
Project("{9A19103F-16F7-4668-BE54-9A1E7A4F7556}") = "DataStructuresTest", "dataStructures\DataStructuresTest\DataStructuresTest.csproj", "{0EFA666D-CB26-4E27-8882-CA0499D1B8EC}"
EndProject
Project("{9A19103F-16F7-4668-BE54-9A1E7A4F7556}") = "CodeChallengeTests", "codeChallenges\CodeChallengeTests\CodeChallengeTests.csproj", "{F70D5D79-4254-46C7-B03A-4A082FFCA111}"
EndProject
Project("{2150E333-8FDC-42A3-9474-1A3956D46DE8}") = "DataStructures", "DataStructures", "{834191B3-CC50-4776-BB3D-5FD8A7EECA36}"
EndProject
Project("{2150E333-8FDC-42A3-9474-1A3956D46DE8}") = "CodeChallenges", "CodeChallenges", "{AF992B5F-99C0-4294-89B4-9ACA5315A05B}"
EndProject
Project("{2150E333-8FDC-42A3-9474-1A3956D46DE8}") = "Leet", "Leet", "{DC67D692-4495-4616-96CF-9CD3FA2AE1BC}"
EndProject
Project("{9A19103F-16F7-4668-BE54-9A1E7A4F7556}") = "AddTwoNumbers", "Leet\AddTwoNumbers\AddTwoNumbers.csproj", "{BE14FEA3-96D8-43D0-B066-81F36579B027}"
EndProject
Project("{9A19103F-16F7-4668-BE54-9A1E7A4F7556}") = "LLZip", "LLZip\LLZip.csproj", "{721BFE2F-E1C1-4A4F-8C66-2DBE92C807D5}"
EndProject
Project("{2150E333-8FDC-42A3-9474-1A3956D46DE8}") = "Codewars", "Codewars", "{39D6AE29-6D76-48AB-B9D3-D936F0AAD60F}"
EndProject
Project("{9A19103F-16F7-4668-BE54-9A1E7A4F7556}") = "SimplePigLatin", "SimplePigLatin\SimplePigLatin.csproj", "{BFF2EF14-0301-4EA8-B773-8167665F9095}"
EndProject
Project("{9A19103F-16F7-4668-BE54-9A1E7A4F7556}") = "FIFOAnimalShelter", "codeChallenges\FIFOAnimalShelter\FIFOAnimalShelter.csproj", "{411C1712-F137-4172-8082-0794A6059451}"
EndProject
Project("{9A19103F-16F7-4668-BE54-9A1E7A4F7556}") = "AnimalShelterTest", "codeChallenges\AnimalShelterTest\AnimalShelterTest.csproj", "{4EC62C84-A5DD-4FCC-904B-D8362CF0262B}"
EndProject
Project("{9A19103F-16F7-4668-BE54-9A1E7A4F7556}") = "MultiBracketValidation", "MultiBracketValidation\MultiBracketValidation.csproj", "{6C7F616A-BDE0-4D7D-AE57-0280D9972136}"
EndProject
Project("{9A19103F-16F7-4668-BE54-9A1E7A4F7556}") = "MultiBracketValidatorTest", "codeChallenges\MultiBracketValidatorTest\MultiBracketValidatorTest.csproj", "{F49434AA-0610-45C3-A85C-1116AB685735}"
EndProject
Project("{9A19103F-16F7-4668-BE54-9A1E7A4F7556}") = "Trees", "dataStructures\Trees\Trees.csproj", "{E9DC44B8-A83C-4894-A1FE-A2C77DED21EA}"
EndProject
Project("{2150E333-8FDC-42A3-9474-1A3956D46DE8}") = "Test", "Test", "{5380F854-6EA2-4077-90D0-E57A55A77275}"
EndProject
Project("{9A19103F-16F7-4668-BE54-9A1E7A4F7556}") = "TreesTest", "dataStructures\DataStructuresTest\TreesTest\TreesTest.csproj", "{67F8F3C6-F188-4669-8F43-EE5C4B192C8A}"
EndProject
Project("{9A19103F-16F7-4668-BE54-9A1E7A4F7556}") = "k-ary-tree", "dataStructures\k-ary-tree\k-ary-tree.csproj", "{39AB1233-7FE4-4F67-B6D3-FF4470411B65}"
EndProject
Project("{9A19103F-16F7-4668-BE54-9A1E7A4F7556}") = "K-ary-treeTest", "K-ary-treeTest\K-ary-treeTest.csproj", "{2B612565-A4DE-47BE-A8DB-F1B1B42A2B7E}"
EndProject
Project("{9A19103F-16F7-4668-BE54-9A1E7A4F7556}") = "InsertSort", "codeChallenges\InsertSort\InsertSort.csproj", "{534ED841-63F1-4DA9-AAD6-98B9900B0DFC}"
EndProject
Project("{2150E333-8FDC-42A3-9474-1A3956D46DE8}") = "Tests", "Tests", "{AC4C99E8-70F5-4DFC-82AA-263A06D9880D}"
EndProject
Project("{9A19103F-16F7-4668-BE54-9A1E7A4F7556}") = "InsertSortTest", "codeChallenges\InsertSortTest\InsertSortTest.csproj", "{9A87510A-8E7C-4CD0-906C-67D7AAE7DACE}"
EndProject
Project("{9A19103F-16F7-4668-BE54-9A1E7A4F7556}") = "MergeSort", "MergeSort\MergeSort.csproj", "{69C98CD4-7652-4CA7-A6B1-B350ED4686B6}"
EndProject
Project("{9A19103F-16F7-4668-BE54-9A1E7A4F7556}") = "MergeSortTest", "MergeSortTest\MergeSortTest.csproj", "{CAF65691-DCAF-4EC8-9CFA-6C35D182CA32}"
EndProject
Project("{9A19103F-16F7-4668-BE54-9A1E7A4F7556}") = "QuickSort", "ConsoleApp1\QuickSort.csproj", "{A79FC913-46F5-40CF-ACCA-5AD096F9CCEE}"
EndProject
Project("{9A19103F-16F7-4668-BE54-9A1E7A4F7556}") = "QuickSortTest", "QuickSortTest\QuickSortTest.csproj", "{DA978435-220D-49B0-A68A-71C6A305972E}"
EndProject
Project("{9A19103F-16F7-4668-BE54-9A1E7A4F7556}") = "RepeatWord", "RepeatWords\RepeatWord.csproj", "{879A2D22-70AA-4636-8C6A-84AB0A1AA63D}"
EndProject
Project("{9A19103F-16F7-4668-BE54-9A1E7A4F7556}") = "ReapeatWordTest", "ReapeatWordTest\ReapeatWordTest.csproj", "{546F291E-A473-4CE3-8A84-1603435EE649}"
EndProject
Project("{9A19103F-16F7-4668-BE54-9A1E7A4F7556}") = "RepeatWordTest", "RepeatWordTest\RepeatWordTest.csproj", "{35E1743B-DFF8-490C-ACE3-AF9B9692EE41}"
EndProject
Project("{9A19103F-16F7-4668-BE54-9A1E7A4F7556}") = "LeftJoin", "LeftJoin\LeftJoin.csproj", "{AA312B33-E50B-40B7-8281-166635014114}"
EndProject
Project("{9A19103F-16F7-4668-BE54-9A1E7A4F7556}") = "LeftJoinTest", "XUnitTestProject1\LeftJoinTest.csproj", "{570E1E4C-ABFB-4CF0-801F-9900F1CEEA7F}"
EndProject
Project("{9A19103F-16F7-4668-BE54-9A1E7A4F7556}") = "GraphTest", "GraphTest\GraphTest.csproj", "{DF4E1708-92E0-46DA-B11B-E48C49FFB4BB}"
EndProject
Project("{FAE04EC0-301F-11D3-BF4B-00C04F79EFBC}") = "AdvantageShuffle", "AdvantageShuffle\AdvantageShuffle.csproj", "{6B7AA83B-CE3A-4B63-BEC7-C3BC3EC02B6F}"
EndProject
Global
	GlobalSection(SolutionConfigurationPlatforms) = preSolution
		Debug|Any CPU = Debug|Any CPU
		Release|Any CPU = Release|Any CPU
	EndGlobalSection
	GlobalSection(ProjectConfigurationPlatforms) = postSolution
		{78E12728-7310-4302-A28D-2477B7348E29}.Debug|Any CPU.ActiveCfg = Debug|Any CPU
		{78E12728-7310-4302-A28D-2477B7348E29}.Debug|Any CPU.Build.0 = Debug|Any CPU
		{78E12728-7310-4302-A28D-2477B7348E29}.Release|Any CPU.ActiveCfg = Release|Any CPU
		{78E12728-7310-4302-A28D-2477B7348E29}.Release|Any CPU.Build.0 = Release|Any CPU
		{0EFA666D-CB26-4E27-8882-CA0499D1B8EC}.Debug|Any CPU.ActiveCfg = Debug|Any CPU
		{0EFA666D-CB26-4E27-8882-CA0499D1B8EC}.Debug|Any CPU.Build.0 = Debug|Any CPU
		{0EFA666D-CB26-4E27-8882-CA0499D1B8EC}.Release|Any CPU.ActiveCfg = Release|Any CPU
		{0EFA666D-CB26-4E27-8882-CA0499D1B8EC}.Release|Any CPU.Build.0 = Release|Any CPU
		{F70D5D79-4254-46C7-B03A-4A082FFCA111}.Debug|Any CPU.ActiveCfg = Debug|Any CPU
		{F70D5D79-4254-46C7-B03A-4A082FFCA111}.Debug|Any CPU.Build.0 = Debug|Any CPU
		{F70D5D79-4254-46C7-B03A-4A082FFCA111}.Release|Any CPU.ActiveCfg = Release|Any CPU
		{F70D5D79-4254-46C7-B03A-4A082FFCA111}.Release|Any CPU.Build.0 = Release|Any CPU
		{BE14FEA3-96D8-43D0-B066-81F36579B027}.Debug|Any CPU.ActiveCfg = Debug|Any CPU
		{BE14FEA3-96D8-43D0-B066-81F36579B027}.Debug|Any CPU.Build.0 = Debug|Any CPU
		{BE14FEA3-96D8-43D0-B066-81F36579B027}.Release|Any CPU.ActiveCfg = Release|Any CPU
		{BE14FEA3-96D8-43D0-B066-81F36579B027}.Release|Any CPU.Build.0 = Release|Any CPU
		{721BFE2F-E1C1-4A4F-8C66-2DBE92C807D5}.Debug|Any CPU.ActiveCfg = Debug|Any CPU
		{721BFE2F-E1C1-4A4F-8C66-2DBE92C807D5}.Debug|Any CPU.Build.0 = Debug|Any CPU
		{721BFE2F-E1C1-4A4F-8C66-2DBE92C807D5}.Release|Any CPU.ActiveCfg = Release|Any CPU
		{721BFE2F-E1C1-4A4F-8C66-2DBE92C807D5}.Release|Any CPU.Build.0 = Release|Any CPU
		{BFF2EF14-0301-4EA8-B773-8167665F9095}.Debug|Any CPU.ActiveCfg = Debug|Any CPU
		{BFF2EF14-0301-4EA8-B773-8167665F9095}.Debug|Any CPU.Build.0 = Debug|Any CPU
		{BFF2EF14-0301-4EA8-B773-8167665F9095}.Release|Any CPU.ActiveCfg = Release|Any CPU
		{BFF2EF14-0301-4EA8-B773-8167665F9095}.Release|Any CPU.Build.0 = Release|Any CPU
		{411C1712-F137-4172-8082-0794A6059451}.Debug|Any CPU.ActiveCfg = Debug|Any CPU
		{411C1712-F137-4172-8082-0794A6059451}.Debug|Any CPU.Build.0 = Debug|Any CPU
		{411C1712-F137-4172-8082-0794A6059451}.Release|Any CPU.ActiveCfg = Release|Any CPU
		{411C1712-F137-4172-8082-0794A6059451}.Release|Any CPU.Build.0 = Release|Any CPU
		{4EC62C84-A5DD-4FCC-904B-D8362CF0262B}.Debug|Any CPU.ActiveCfg = Debug|Any CPU
		{4EC62C84-A5DD-4FCC-904B-D8362CF0262B}.Debug|Any CPU.Build.0 = Debug|Any CPU
		{4EC62C84-A5DD-4FCC-904B-D8362CF0262B}.Release|Any CPU.ActiveCfg = Release|Any CPU
		{4EC62C84-A5DD-4FCC-904B-D8362CF0262B}.Release|Any CPU.Build.0 = Release|Any CPU
		{6C7F616A-BDE0-4D7D-AE57-0280D9972136}.Debug|Any CPU.ActiveCfg = Debug|Any CPU
		{6C7F616A-BDE0-4D7D-AE57-0280D9972136}.Debug|Any CPU.Build.0 = Debug|Any CPU
		{6C7F616A-BDE0-4D7D-AE57-0280D9972136}.Release|Any CPU.ActiveCfg = Release|Any CPU
		{6C7F616A-BDE0-4D7D-AE57-0280D9972136}.Release|Any CPU.Build.0 = Release|Any CPU
		{F49434AA-0610-45C3-A85C-1116AB685735}.Debug|Any CPU.ActiveCfg = Debug|Any CPU
		{F49434AA-0610-45C3-A85C-1116AB685735}.Debug|Any CPU.Build.0 = Debug|Any CPU
		{F49434AA-0610-45C3-A85C-1116AB685735}.Release|Any CPU.ActiveCfg = Release|Any CPU
		{F49434AA-0610-45C3-A85C-1116AB685735}.Release|Any CPU.Build.0 = Release|Any CPU
		{E9DC44B8-A83C-4894-A1FE-A2C77DED21EA}.Debug|Any CPU.ActiveCfg = Debug|Any CPU
		{E9DC44B8-A83C-4894-A1FE-A2C77DED21EA}.Debug|Any CPU.Build.0 = Debug|Any CPU
		{E9DC44B8-A83C-4894-A1FE-A2C77DED21EA}.Release|Any CPU.ActiveCfg = Release|Any CPU
		{E9DC44B8-A83C-4894-A1FE-A2C77DED21EA}.Release|Any CPU.Build.0 = Release|Any CPU
		{67F8F3C6-F188-4669-8F43-EE5C4B192C8A}.Debug|Any CPU.ActiveCfg = Debug|Any CPU
		{67F8F3C6-F188-4669-8F43-EE5C4B192C8A}.Debug|Any CPU.Build.0 = Debug|Any CPU
		{67F8F3C6-F188-4669-8F43-EE5C4B192C8A}.Release|Any CPU.ActiveCfg = Release|Any CPU
		{67F8F3C6-F188-4669-8F43-EE5C4B192C8A}.Release|Any CPU.Build.0 = Release|Any CPU
		{39AB1233-7FE4-4F67-B6D3-FF4470411B65}.Debug|Any CPU.ActiveCfg = Debug|Any CPU
		{39AB1233-7FE4-4F67-B6D3-FF4470411B65}.Debug|Any CPU.Build.0 = Debug|Any CPU
		{39AB1233-7FE4-4F67-B6D3-FF4470411B65}.Release|Any CPU.ActiveCfg = Release|Any CPU
		{39AB1233-7FE4-4F67-B6D3-FF4470411B65}.Release|Any CPU.Build.0 = Release|Any CPU
		{2B612565-A4DE-47BE-A8DB-F1B1B42A2B7E}.Debug|Any CPU.ActiveCfg = Debug|Any CPU
		{2B612565-A4DE-47BE-A8DB-F1B1B42A2B7E}.Debug|Any CPU.Build.0 = Debug|Any CPU
		{2B612565-A4DE-47BE-A8DB-F1B1B42A2B7E}.Release|Any CPU.ActiveCfg = Release|Any CPU
		{2B612565-A4DE-47BE-A8DB-F1B1B42A2B7E}.Release|Any CPU.Build.0 = Release|Any CPU
		{534ED841-63F1-4DA9-AAD6-98B9900B0DFC}.Debug|Any CPU.ActiveCfg = Debug|Any CPU
		{534ED841-63F1-4DA9-AAD6-98B9900B0DFC}.Debug|Any CPU.Build.0 = Debug|Any CPU
		{534ED841-63F1-4DA9-AAD6-98B9900B0DFC}.Release|Any CPU.ActiveCfg = Release|Any CPU
		{534ED841-63F1-4DA9-AAD6-98B9900B0DFC}.Release|Any CPU.Build.0 = Release|Any CPU
		{9A87510A-8E7C-4CD0-906C-67D7AAE7DACE}.Debug|Any CPU.ActiveCfg = Debug|Any CPU
		{9A87510A-8E7C-4CD0-906C-67D7AAE7DACE}.Debug|Any CPU.Build.0 = Debug|Any CPU
		{9A87510A-8E7C-4CD0-906C-67D7AAE7DACE}.Release|Any CPU.ActiveCfg = Release|Any CPU
		{9A87510A-8E7C-4CD0-906C-67D7AAE7DACE}.Release|Any CPU.Build.0 = Release|Any CPU
		{69C98CD4-7652-4CA7-A6B1-B350ED4686B6}.Debug|Any CPU.ActiveCfg = Debug|Any CPU
		{69C98CD4-7652-4CA7-A6B1-B350ED4686B6}.Debug|Any CPU.Build.0 = Debug|Any CPU
		{69C98CD4-7652-4CA7-A6B1-B350ED4686B6}.Release|Any CPU.ActiveCfg = Release|Any CPU
		{69C98CD4-7652-4CA7-A6B1-B350ED4686B6}.Release|Any CPU.Build.0 = Release|Any CPU
		{CAF65691-DCAF-4EC8-9CFA-6C35D182CA32}.Debug|Any CPU.ActiveCfg = Debug|Any CPU
		{CAF65691-DCAF-4EC8-9CFA-6C35D182CA32}.Debug|Any CPU.Build.0 = Debug|Any CPU
		{CAF65691-DCAF-4EC8-9CFA-6C35D182CA32}.Release|Any CPU.ActiveCfg = Release|Any CPU
		{CAF65691-DCAF-4EC8-9CFA-6C35D182CA32}.Release|Any CPU.Build.0 = Release|Any CPU
		{A79FC913-46F5-40CF-ACCA-5AD096F9CCEE}.Debug|Any CPU.ActiveCfg = Debug|Any CPU
		{A79FC913-46F5-40CF-ACCA-5AD096F9CCEE}.Debug|Any CPU.Build.0 = Debug|Any CPU
		{A79FC913-46F5-40CF-ACCA-5AD096F9CCEE}.Release|Any CPU.ActiveCfg = Release|Any CPU
		{A79FC913-46F5-40CF-ACCA-5AD096F9CCEE}.Release|Any CPU.Build.0 = Release|Any CPU
		{DA978435-220D-49B0-A68A-71C6A305972E}.Debug|Any CPU.ActiveCfg = Debug|Any CPU
		{DA978435-220D-49B0-A68A-71C6A305972E}.Debug|Any CPU.Build.0 = Debug|Any CPU
		{DA978435-220D-49B0-A68A-71C6A305972E}.Release|Any CPU.ActiveCfg = Release|Any CPU
		{DA978435-220D-49B0-A68A-71C6A305972E}.Release|Any CPU.Build.0 = Release|Any CPU
		{879A2D22-70AA-4636-8C6A-84AB0A1AA63D}.Debug|Any CPU.ActiveCfg = Debug|Any CPU
		{879A2D22-70AA-4636-8C6A-84AB0A1AA63D}.Debug|Any CPU.Build.0 = Debug|Any CPU
		{879A2D22-70AA-4636-8C6A-84AB0A1AA63D}.Release|Any CPU.ActiveCfg = Release|Any CPU
		{879A2D22-70AA-4636-8C6A-84AB0A1AA63D}.Release|Any CPU.Build.0 = Release|Any CPU
		{546F291E-A473-4CE3-8A84-1603435EE649}.Debug|Any CPU.ActiveCfg = Debug|Any CPU
		{546F291E-A473-4CE3-8A84-1603435EE649}.Debug|Any CPU.Build.0 = Debug|Any CPU
		{546F291E-A473-4CE3-8A84-1603435EE649}.Release|Any CPU.ActiveCfg = Release|Any CPU
		{546F291E-A473-4CE3-8A84-1603435EE649}.Release|Any CPU.Build.0 = Release|Any CPU
		{35E1743B-DFF8-490C-ACE3-AF9B9692EE41}.Debug|Any CPU.ActiveCfg = Debug|Any CPU
		{35E1743B-DFF8-490C-ACE3-AF9B9692EE41}.Debug|Any CPU.Build.0 = Debug|Any CPU
		{35E1743B-DFF8-490C-ACE3-AF9B9692EE41}.Release|Any CPU.ActiveCfg = Release|Any CPU
		{35E1743B-DFF8-490C-ACE3-AF9B9692EE41}.Release|Any CPU.Build.0 = Release|Any CPU
		{AA312B33-E50B-40B7-8281-166635014114}.Debug|Any CPU.ActiveCfg = Debug|Any CPU
		{AA312B33-E50B-40B7-8281-166635014114}.Debug|Any CPU.Build.0 = Debug|Any CPU
		{AA312B33-E50B-40B7-8281-166635014114}.Release|Any CPU.ActiveCfg = Release|Any CPU
		{AA312B33-E50B-40B7-8281-166635014114}.Release|Any CPU.Build.0 = Release|Any CPU
		{570E1E4C-ABFB-4CF0-801F-9900F1CEEA7F}.Debug|Any CPU.ActiveCfg = Debug|Any CPU
		{570E1E4C-ABFB-4CF0-801F-9900F1CEEA7F}.Debug|Any CPU.Build.0 = Debug|Any CPU
		{570E1E4C-ABFB-4CF0-801F-9900F1CEEA7F}.Release|Any CPU.ActiveCfg = Release|Any CPU
		{570E1E4C-ABFB-4CF0-801F-9900F1CEEA7F}.Release|Any CPU.Build.0 = Release|Any CPU
		{DF4E1708-92E0-46DA-B11B-E48C49FFB4BB}.Debug|Any CPU.ActiveCfg = Debug|Any CPU
		{DF4E1708-92E0-46DA-B11B-E48C49FFB4BB}.Debug|Any CPU.Build.0 = Debug|Any CPU
		{DF4E1708-92E0-46DA-B11B-E48C49FFB4BB}.Release|Any CPU.ActiveCfg = Release|Any CPU
		{DF4E1708-92E0-46DA-B11B-E48C49FFB4BB}.Release|Any CPU.Build.0 = Release|Any CPU
		{6B7AA83B-CE3A-4B63-BEC7-C3BC3EC02B6F}.Debug|Any CPU.ActiveCfg = Debug|Any CPU
		{6B7AA83B-CE3A-4B63-BEC7-C3BC3EC02B6F}.Debug|Any CPU.Build.0 = Debug|Any CPU
		{6B7AA83B-CE3A-4B63-BEC7-C3BC3EC02B6F}.Release|Any CPU.ActiveCfg = Release|Any CPU
		{6B7AA83B-CE3A-4B63-BEC7-C3BC3EC02B6F}.Release|Any CPU.Build.0 = Release|Any CPU
	EndGlobalSection
	GlobalSection(SolutionProperties) = preSolution
		HideSolutionNode = FALSE
	EndGlobalSection
	GlobalSection(NestedProjects) = preSolution
		{78E12728-7310-4302-A28D-2477B7348E29} = {834191B3-CC50-4776-BB3D-5FD8A7EECA36}
		{0EFA666D-CB26-4E27-8882-CA0499D1B8EC} = {5380F854-6EA2-4077-90D0-E57A55A77275}
		{F70D5D79-4254-46C7-B03A-4A082FFCA111} = {AC4C99E8-70F5-4DFC-82AA-263A06D9880D}
		{BE14FEA3-96D8-43D0-B066-81F36579B027} = {DC67D692-4495-4616-96CF-9CD3FA2AE1BC}
		{721BFE2F-E1C1-4A4F-8C66-2DBE92C807D5} = {AF992B5F-99C0-4294-89B4-9ACA5315A05B}
		{BFF2EF14-0301-4EA8-B773-8167665F9095} = {39D6AE29-6D76-48AB-B9D3-D936F0AAD60F}
		{411C1712-F137-4172-8082-0794A6059451} = {AF992B5F-99C0-4294-89B4-9ACA5315A05B}
		{4EC62C84-A5DD-4FCC-904B-D8362CF0262B} = {AC4C99E8-70F5-4DFC-82AA-263A06D9880D}
		{6C7F616A-BDE0-4D7D-AE57-0280D9972136} = {AF992B5F-99C0-4294-89B4-9ACA5315A05B}
		{F49434AA-0610-45C3-A85C-1116AB685735} = {AC4C99E8-70F5-4DFC-82AA-263A06D9880D}
		{E9DC44B8-A83C-4894-A1FE-A2C77DED21EA} = {834191B3-CC50-4776-BB3D-5FD8A7EECA36}
		{5380F854-6EA2-4077-90D0-E57A55A77275} = {834191B3-CC50-4776-BB3D-5FD8A7EECA36}
		{67F8F3C6-F188-4669-8F43-EE5C4B192C8A} = {5380F854-6EA2-4077-90D0-E57A55A77275}
		{39AB1233-7FE4-4F67-B6D3-FF4470411B65} = {834191B3-CC50-4776-BB3D-5FD8A7EECA36}
		{2B612565-A4DE-47BE-A8DB-F1B1B42A2B7E} = {5380F854-6EA2-4077-90D0-E57A55A77275}
		{534ED841-63F1-4DA9-AAD6-98B9900B0DFC} = {AF992B5F-99C0-4294-89B4-9ACA5315A05B}
		{AC4C99E8-70F5-4DFC-82AA-263A06D9880D} = {AF992B5F-99C0-4294-89B4-9ACA5315A05B}
		{9A87510A-8E7C-4CD0-906C-67D7AAE7DACE} = {AC4C99E8-70F5-4DFC-82AA-263A06D9880D}
		{69C98CD4-7652-4CA7-A6B1-B350ED4686B6} = {AF992B5F-99C0-4294-89B4-9ACA5315A05B}
		{CAF65691-DCAF-4EC8-9CFA-6C35D182CA32} = {AC4C99E8-70F5-4DFC-82AA-263A06D9880D}
		{A79FC913-46F5-40CF-ACCA-5AD096F9CCEE} = {AF992B5F-99C0-4294-89B4-9ACA5315A05B}
		{DA978435-220D-49B0-A68A-71C6A305972E} = {AC4C99E8-70F5-4DFC-82AA-263A06D9880D}
		{879A2D22-70AA-4636-8C6A-84AB0A1AA63D} = {AF992B5F-99C0-4294-89B4-9ACA5315A05B}
		{35E1743B-DFF8-490C-ACE3-AF9B9692EE41} = {AC4C99E8-70F5-4DFC-82AA-263A06D9880D}
		{AA312B33-E50B-40B7-8281-166635014114} = {AF992B5F-99C0-4294-89B4-9ACA5315A05B}
		{570E1E4C-ABFB-4CF0-801F-9900F1CEEA7F} = {AC4C99E8-70F5-4DFC-82AA-263A06D9880D}
		{DF4E1708-92E0-46DA-B11B-E48C49FFB4BB} = {5380F854-6EA2-4077-90D0-E57A55A77275}
		{6B7AA83B-CE3A-4B63-BEC7-C3BC3EC02B6F} = {DC67D692-4495-4616-96CF-9CD3FA2AE1BC}
	EndGlobalSection
	GlobalSection(ExtensibilityGlobals) = postSolution
		SolutionGuid = {AD48E263-FDF8-439B-B905-2E94939D7DF8}
	EndGlobalSection
EndGlobal
