
Microsoft Visual Studio Solution File, Format Version 12.00
# Visual Studio Version 16
VisualStudioVersion = 16.0.30804.86
MinimumVisualStudioVersion = 10.0.40219.1
Project("{9A19103F-16F7-4668-BE54-9A1E7A4F7556}") = "Implementations", "dataStructures\Implementations\Implementations.csproj", "{78E12728-7310-4302-A28D-2477B7348E29}"
EndProject
Project("{9A19103F-16F7-4668-BE54-9A1E7A4F7556}") = "DataStructuresTest", "dataStructures\DataStructuresTest\DataStructuresTest.csproj", "{0EFA666D-CB26-4E27-8882-CA0499D1B8EC}"
EndProject
Project("{9A19103F-16F7-4668-BE54-9A1E7A4F7556}") = "CodeChallengeTests", "codeChallenges\CodeChallengeTests\CodeChallengeTests.csproj", "{F70D5D79-4254-46C7-B03A-4A082FFCA111}"
EndProject
Project("{2150E333-8FDC-42A3-9474-1A3956D46DE8}") = "DataStructures", "DataStructures", "{834191B3-CC50-4776-BB3D-5FD8A7EECA36}"
EndProject
Project("{2150E333-8FDC-42A3-9474-1A3956D46DE8}") = "CodeChallenges", "CodeChallenges", "{AF992B5F-99C0-4294-89B4-9ACA5315A05B}"
EndProject
Project("{2150E333-8FDC-42A3-9474-1A3956D46DE8}") = "Leet", "Leet", "{DC67D692-4495-4616-96CF-9CD3FA2AE1BC}"
EndProject
Project("{9A19103F-16F7-4668-BE54-9A1E7A4F7556}") = "AddTwoNumbers", "Leet\AddTwoNumbers\AddTwoNumbers.csproj", "{BE14FEA3-96D8-43D0-B066-81F36579B027}"
EndProject
Project("{9A19103F-16F7-4668-BE54-9A1E7A4F7556}") = "LLZip", "LLZip\LLZip.csproj", "{721BFE2F-E1C1-4A4F-8C66-2DBE92C807D5}"
EndProject
Project("{2150E333-8FDC-42A3-9474-1A3956D46DE8}") = "Codewars", "Codewars", "{39D6AE29-6D76-48AB-B9D3-D936F0AAD60F}"
EndProject
Project("{9A19103F-16F7-4668-BE54-9A1E7A4F7556}") = "SimplePigLatin", "SimplePigLatin\SimplePigLatin.csproj", "{BFF2EF14-0301-4EA8-B773-8167665F9095}"
EndProject
Project("{FAE04EC0-301F-11D3-BF4B-00C04F79EFBC}") = "FIFOAnimalShelter", "codeChallenges\FIFOAnimalShelter\FIFOAnimalShelter.csproj", "{411C1712-F137-4172-8082-0794A6059451}"
EndProject
Project("{FAE04EC0-301F-11D3-BF4B-00C04F79EFBC}") = "AnimalShelterTest", "codeChallenges\AnimalShelterTest\AnimalShelterTest.csproj", "{4EC62C84-A5DD-4FCC-904B-D8362CF0262B}"
EndProject
Global
	GlobalSection(SolutionConfigurationPlatforms) = preSolution
		Debug|Any CPU = Debug|Any CPU
		Release|Any CPU = Release|Any CPU
	EndGlobalSection
	GlobalSection(ProjectConfigurationPlatforms) = postSolution
		{78E12728-7310-4302-A28D-2477B7348E29}.Debug|Any CPU.ActiveCfg = Debug|Any CPU
		{78E12728-7310-4302-A28D-2477B7348E29}.Debug|Any CPU.Build.0 = Debug|Any CPU
		{78E12728-7310-4302-A28D-2477B7348E29}.Release|Any CPU.ActiveCfg = Release|Any CPU
		{78E12728-7310-4302-A28D-2477B7348E29}.Release|Any CPU.Build.0 = Release|Any CPU
		{0EFA666D-CB26-4E27-8882-CA0499D1B8EC}.Debug|Any CPU.ActiveCfg = Debug|Any CPU
		{0EFA666D-CB26-4E27-8882-CA0499D1B8EC}.Debug|Any CPU.Build.0 = Debug|Any CPU
		{0EFA666D-CB26-4E27-8882-CA0499D1B8EC}.Release|Any CPU.ActiveCfg = Release|Any CPU
		{0EFA666D-CB26-4E27-8882-CA0499D1B8EC}.Release|Any CPU.Build.0 = Release|Any CPU
		{F70D5D79-4254-46C7-B03A-4A082FFCA111}.Debug|Any CPU.ActiveCfg = Debug|Any CPU
		{F70D5D79-4254-46C7-B03A-4A082FFCA111}.Debug|Any CPU.Build.0 = Debug|Any CPU
		{F70D5D79-4254-46C7-B03A-4A082FFCA111}.Release|Any CPU.ActiveCfg = Release|Any CPU
		{F70D5D79-4254-46C7-B03A-4A082FFCA111}.Release|Any CPU.Build.0 = Release|Any CPU
		{BE14FEA3-96D8-43D0-B066-81F36579B027}.Debug|Any CPU.ActiveCfg = Debug|Any CPU
		{BE14FEA3-96D8-43D0-B066-81F36579B027}.Debug|Any CPU.Build.0 = Debug|Any CPU
		{BE14FEA3-96D8-43D0-B066-81F36579B027}.Release|Any CPU.ActiveCfg = Release|Any CPU
		{BE14FEA3-96D8-43D0-B066-81F36579B027}.Release|Any CPU.Build.0 = Release|Any CPU
		{721BFE2F-E1C1-4A4F-8C66-2DBE92C807D5}.Debug|Any CPU.ActiveCfg = Debug|Any CPU
		{721BFE2F-E1C1-4A4F-8C66-2DBE92C807D5}.Debug|Any CPU.Build.0 = Debug|Any CPU
		{721BFE2F-E1C1-4A4F-8C66-2DBE92C807D5}.Release|Any CPU.ActiveCfg = Release|Any CPU
		{721BFE2F-E1C1-4A4F-8C66-2DBE92C807D5}.Release|Any CPU.Build.0 = Release|Any CPU
		{BFF2EF14-0301-4EA8-B773-8167665F9095}.Debug|Any CPU.ActiveCfg = Debug|Any CPU
		{BFF2EF14-0301-4EA8-B773-8167665F9095}.Debug|Any CPU.Build.0 = Debug|Any CPU
		{BFF2EF14-0301-4EA8-B773-8167665F9095}.Release|Any CPU.ActiveCfg = Release|Any CPU
		{BFF2EF14-0301-4EA8-B773-8167665F9095}.Release|Any CPU.Build.0 = Release|Any CPU
		{411C1712-F137-4172-8082-0794A6059451}.Debug|Any CPU.ActiveCfg = Debug|Any CPU
		{411C1712-F137-4172-8082-0794A6059451}.Debug|Any CPU.Build.0 = Debug|Any CPU
		{411C1712-F137-4172-8082-0794A6059451}.Release|Any CPU.ActiveCfg = Release|Any CPU
		{411C1712-F137-4172-8082-0794A6059451}.Release|Any CPU.Build.0 = Release|Any CPU
		{4EC62C84-A5DD-4FCC-904B-D8362CF0262B}.Debug|Any CPU.ActiveCfg = Debug|Any CPU
		{4EC62C84-A5DD-4FCC-904B-D8362CF0262B}.Debug|Any CPU.Build.0 = Debug|Any CPU
		{4EC62C84-A5DD-4FCC-904B-D8362CF0262B}.Release|Any CPU.ActiveCfg = Release|Any CPU
		{4EC62C84-A5DD-4FCC-904B-D8362CF0262B}.Release|Any CPU.Build.0 = Release|Any CPU
	EndGlobalSection
	GlobalSection(SolutionProperties) = preSolution
		HideSolutionNode = FALSE
	EndGlobalSection
	GlobalSection(NestedProjects) = preSolution
		{78E12728-7310-4302-A28D-2477B7348E29} = {834191B3-CC50-4776-BB3D-5FD8A7EECA36}
		{0EFA666D-CB26-4E27-8882-CA0499D1B8EC} = {834191B3-CC50-4776-BB3D-5FD8A7EECA36}
		{F70D5D79-4254-46C7-B03A-4A082FFCA111} = {AF992B5F-99C0-4294-89B4-9ACA5315A05B}
		{BE14FEA3-96D8-43D0-B066-81F36579B027} = {DC67D692-4495-4616-96CF-9CD3FA2AE1BC}
		{721BFE2F-E1C1-4A4F-8C66-2DBE92C807D5} = {AF992B5F-99C0-4294-89B4-9ACA5315A05B}
		{BFF2EF14-0301-4EA8-B773-8167665F9095} = {39D6AE29-6D76-48AB-B9D3-D936F0AAD60F}
		{411C1712-F137-4172-8082-0794A6059451} = {AF992B5F-99C0-4294-89B4-9ACA5315A05B}
		{4EC62C84-A5DD-4FCC-904B-D8362CF0262B} = {AF992B5F-99C0-4294-89B4-9ACA5315A05B}
	EndGlobalSection
	GlobalSection(ExtensibilityGlobals) = postSolution
		SolutionGuid = {AD48E263-FDF8-439B-B905-2E94939D7DF8}
	EndGlobalSection
EndGlobal
