
Microsoft Visual Studio Solution File, Format Version 12.00
# Visual Studio Version 16
VisualStudioVersion = 16.0.30804.86
MinimumVisualStudioVersion = 10.0.40219.1
Project("{FAE04EC0-301F-11D3-BF4B-00C04F79EFBC}") = "MoveZeros", "MoveZeros\MoveZeros.csproj", "{CF4DFC06-51D2-40FD-B73F-EE08A479B8F8}"
EndProject
Project("{FAE04EC0-301F-11D3-BF4B-00C04F79EFBC}") = "MoveZerosTest", "MoveZerosTest\MoveZerosTest.csproj", "{F2E52C5D-38F5-453B-9102-3636699DFF16}"
EndProject
Global
	GlobalSection(SolutionConfigurationPlatforms) = preSolution
		Debug|Any CPU = Debug|Any CPU
		Release|Any CPU = Release|Any CPU
	EndGlobalSection
	GlobalSection(ProjectConfigurationPlatforms) = postSolution
		{CF4DFC06-51D2-40FD-B73F-EE08A479B8F8}.Debug|Any CPU.ActiveCfg = Debug|Any CPU
		{CF4DFC06-51D2-40FD-B73F-EE08A479B8F8}.Debug|Any CPU.Build.0 = Debug|Any CPU
		{CF4DFC06-51D2-40FD-B73F-EE08A479B8F8}.Release|Any CPU.ActiveCfg = Release|Any CPU
		{CF4DFC06-51D2-40FD-B73F-EE08A479B8F8}.Release|Any CPU.Build.0 = Release|Any CPU
		{F2E52C5D-38F5-453B-9102-3636699DFF16}.Debug|Any CPU.ActiveCfg = Debug|Any CPU
		{F2E52C5D-38F5-453B-9102-3636699DFF16}.Debug|Any CPU.Build.0 = Debug|Any CPU
		{F2E52C5D-38F5-453B-9102-3636699DFF16}.Release|Any CPU.ActiveCfg = Release|Any CPU
		{F2E52C5D-38F5-453B-9102-3636699DFF16}.Release|Any CPU.Build.0 = Release|Any CPU
	EndGlobalSection
	GlobalSection(SolutionProperties) = preSolution
		HideSolutionNode = FALSE
	EndGlobalSection
	GlobalSection(ExtensibilityGlobals) = postSolution
		SolutionGuid = {BECC7653-E8B4-44A6-8739-133EB1A73A0A}
	EndGlobalSection
EndGlobal
